github.com/icza/mjpeg v0.0.0-20210726201846-5ff75d3c479f h1:907GjB0sqx3+XKOz5tSeAi8Z9ED7WwQU9hXoclDp+jg=
github.com/icza/mjpeg v0.0.0-20210726201846-5ff75d3c479f/go.mod h1:Eja3x31oRrEOzl6ihhsxY23gXaTYWLP3Gwj5nMAJ7m0=
github.com/jtguibas/cinema v0.0.0-20200208054232-ca271f28a020 h1:z0dlli6OBvpDfZ6mOA6RrwNbZ6r7VzchmT4EQGNwpWQ=
github.com/jtguibas/cinema v0.0.0-20200208054232-ca271f28a020/go.mod h1:pEd2YbgEIiHIg2rU0a8Q/m4H3V7yQ/LRK58fEYRI/94=
github.com/sikang99/cinema v0.0.0-20190818093754-661d6a22b9d9 h1:2JiNDUwLiObLTMoSjXZ33uDXShecEcL0qlFzkISxYlw=
github.com/sikang99/cinema v0.0.0-20190818093754-661d6a22b9d9/go.mod h1:8kr6K9tnTb5heWguNw+cUqPt6TdX49jCuedTBwoGuaE=
github.com/tidwall/gjson v1.3.2/go.mod h1:P256ACg0Mn+j1RXIDXoss50DeIABTYK1PULOJHhxOls=
github.com/tidwall/gjson v1.12.0 h1:61wEp/qfvFnqKH/WCI3M8HuRut+mHT6Mr82QrFmM2SY=
github.com/tidwall/gjson v1.12.0/go.mod h1:/wbyibRr2FHMks5tjHJ5F8dMZh3AcwJEMf5vlfC0lxk=
github.com/tidwall/match v1.0.1/go.mod h1:LujAq0jyVjBy028G1WhWfIzbpQfMO8bBZ6Tyb0+pL9E=
github.com/tidwall/match v1.1.1 h1:+Ho715JplO36QYgwN9PGYNhgZvoUSc9X2c80KVTi+GA=
github.com/tidwall/match v1.1.1/go.mod h1:eRSPERbgtNPcGhD8UCthc6PmLEQXEWd3PRB5JTxsfmM=
github.com/tidwall/pretty v1.0.0/go.mod h1:XNkn88O1ChpSDQmQeStsy+sBenx6DDtFZJxhVysOjyk=
github.com/tidwall/pretty v1.2.0 h1:RWIZEg2iJ8/g6fDDYzMpobmaoGh5OLl4AXtGUGPcqCs=
github.com/tidwall/pretty v1.2.0/go.mod h1:ITEVvHYasfjBbM0u2Pg8T2nJnzm8xPwvNhhsoaGGjNU=
