github.com/icza/mjpeg v0.0.0-20210726201846-5ff75d3c479f h1:907GjB0sqx3+XKOz5tSeAi8Z9ED7WwQU9hXoclDp+jg=
github.com/icza/mjpeg v0.0.0-20210726201846-5ff75d3c479f/go.mod h1:Eja3x31oRrEOzl6ihhsxY23gXaTYWLP3Gwj5nMAJ7m0=
github.com/jtguibas/cinema v0.0.0-20200208054232-ca271f28a020 h1:z0dlli6OBvpDfZ6mOA6RrwNbZ6r7VzchmT4EQGNwpWQ=
github.com/jtguibas/cinema v0.0.0-20200208054232-ca271f28a020/go.mod h1:pEd2YbgEIiHIg2rU0a8Q/m4H3V7yQ/LRK58fEYRI/94=
